
Microsoft Visual Studio Solution File, Format Version 12.00
# Visual Studio Version 16
VisualStudioVersion = 16.0.29123.88
MinimumVisualStudioVersion = 10.0.40219.1
Project("{FAE04EC0-301F-11D3-BF4B-00C04F79EFBC}") = "TiyatroGosterisi", "TiyatroGosterisi\TiyatroGosterisi.csproj", "{9FEC4ADE-3876-408A-996D-0F1B8D28B20E}"
EndProject
Global
	GlobalSection(SolutionConfigurationPlatforms) = preSolution
		Debug|Any CPU = Debug|Any CPU
		Release|Any CPU = Release|Any CPU
	EndGlobalSection
	GlobalSection(ProjectConfigurationPlatforms) = postSolution
		{9FEC4ADE-3876-408A-996D-0F1B8D28B20E}.Debug|Any CPU.ActiveCfg = Debug|Any CPU
		{9FEC4ADE-3876-408A-996D-0F1B8D28B20E}.Debug|Any CPU.Build.0 = Debug|Any CPU
		{9FEC4ADE-3876-408A-996D-0F1B8D28B20E}.Release|Any CPU.ActiveCfg = Release|Any CPU
		{9FEC4ADE-3876-408A-996D-0F1B8D28B20E}.Release|Any CPU.Build.0 = Release|Any CPU
	EndGlobalSection
	GlobalSection(SolutionProperties) = preSolution
		HideSolutionNode = FALSE
	EndGlobalSection
	GlobalSection(ExtensibilityGlobals) = postSolution
		SolutionGuid = {35F1ECEE-7706-4088-92D2-AD52549E0AAC}
	EndGlobalSection
EndGlobal
